# Pinned harness versions (checked 2026-10-01). Changing a pin changes the
# benchmark: record the new versions in the report. NODE_MAJOR floats to the
# latest 24.x because OpenClaw needs >= 24.16.
NODE_MAJOR=24
CLAUDE_CODE_VERSION=2.1.287
CODEX_VERSION=0.159.3
OPENCODE_VERSION=1.18.34
OPENCLAW_VERSION=2026.9.7
HERMES_VERSION=v2026.9.24
# OpenHuman is built from this checkout (recorded in the report as its git SHA).
